// !$*UTF8*$!
{
	archiveVersion = 1;
	classes = {
	};
	objectVersion = 50;
	objects = {

/* Begin PBXBuildFile section */
		07098E94242C648E00978280 /* AppDelegate.swift in Sources */ = {isa = PBXBuildFile; fileRef = 07098E93242C648E00978280 /* AppDelegate.swift */; };
		07098E96242C648E00978280 /* SceneDelegate.swift in Sources */ = {isa = PBXBuildFile; fileRef = 07098E95242C648E00978280 /* SceneDelegate.swift */; };
		07098E98242C648E00978280 /* MainViewController.swift in Sources */ = {isa = PBXBuildFile; fileRef = 07098E97242C648E00978280 /* MainViewController.swift */; };
		07098E9B242C648E00978280 /* Main.storyboard in Resources */ = {isa = PBXBuildFile; fileRef = 07098E99242C648E00978280 /* Main.storyboard */; };
		07098E9D242C649000978280 /* Assets.xcassets in Resources */ = {isa = PBXBuildFile; fileRef = 07098E9C242C649000978280 /* Assets.xcassets */; };
		07098EA0242C649000978280 /* LaunchScreen.storyboard in Resources */ = {isa = PBXBuildFile; fileRef = 07098E9E242C649000978280 /* LaunchScreen.storyboard */; };
		07098EA9242C660400978280 /* Composit.swift in Sources */ = {isa = PBXBuildFile; fileRef = 07098EA8242C660400978280 /* Composit.swift */; };
/* End PBXBuildFile section */

/* Begin PBXFileReference section */
		07098E90242C648E00978280 /* worksample.app */ = {isa = PBXFileReference; explicitFileType = wrapper.application; includeInIndex = 0; path = worksample.app; sourceTree = BUILT_PRODUCTS_DIR; };
		07098E93242C648E00978280 /* AppDelegate.swift */ = {isa = PBXFileReference; lastKnownFileType = sourcecode.swift; path = AppDelegate.swift; sourceTree = "<group>"; };
		07098E95242C648E00978280 /* SceneDelegate.swift */ = {isa = PBXFileReference; lastKnownFileType = sourcecode.swift; path = SceneDelegate.swift; sourceTree = "<group>"; };
		07098E97242C648E00978280 /* MainViewController.swift */ = {isa = PBXFileReference; lastKnownFileType = sourcecode.swift; path = MainViewController.swift; sourceTree = "<group>"; };
		07098E9A242C648E00978280 /* Base */ = {isa = PBXFileReference; lastKnownFileType = file.storyboard; name = Base; path = Base.lproj/Main.storyboard; sourceTree = "<group>"; };
		07098E9C242C649000978280 /* Assets.xcassets */ = {isa = PBXFileReference; lastKnownFileType = folder.assetcatalog; path = Assets.xcassets; sourceTree = "<group>"; };
		07098E9F242C649000978280 /* Base */ = {isa = PBXFileReference; lastKnownFileType = file.storyboard; name = Base; path = Base.lproj/LaunchScreen.storyboard; sourceTree = "<group>"; };
		07098EA1242C649000978280 /* Info.plist */ = {isa = PBXFileReference; lastKnownFileType = text.plist.xml; path = Info.plist; sourceTree = "<group>"; };
		07098EA8242C660400978280 /* Composit.swift */ = {isa = PBXFileReference; lastKnownFileType = sourcecode.swift; path = Composit.swift; sourceTree = "<group>"; };
/* End PBXFileReference section */

/* Begin PBXFrameworksBuildPhase section */
		07098E8D242C648E00978280 /* Frameworks */ = {
			isa = PBXFrameworksBuildPhase;
			buildActionMask = 2147483647;
			files = (
			);
			runOnlyForDeploymentPostprocessing = 0;
		};
/* End PBXFrameworksBuildPhase section */

/* Begin PBXGroup section */
		07098E87242C648E00978280 = {
			isa = PBXGroup;
			children = (
				07098E92242C648E00978280 /* worksample */,
				07098E91242C648E00978280 /* Products */,
			);
			sourceTree = "<group>";
		};
		07098E91242C648E00978280 /* Products */ = {
			isa = PBXGroup;
			children = (
				07098E90242C648E00978280 /* worksample.app */,
			);
			name = Products;
			sourceTree = "<group>";
		};
		07098E92242C648E00978280 /* worksample */ = {
			isa = PBXGroup;
			children = (
				07098EA7242C65EF00978280 /* Patterns */,
				07098E93242C648E00978280 /* AppDelegate.swift */,
				07098E95242C648E00978280 /* SceneDelegate.swift */,
				07098E97242C648E00978280 /* MainViewController.swift */,
				07098E99242C648E00978280 /* Main.storyboard */,
				07098E9C242C649000978280 /* Assets.xcassets */,
				07098E9E242C649000978280 /* LaunchScreen.storyboard */,
				07098EA1242C649000978280 /* Info.plist */,
			);
			path = worksample;
			sourceTree = "<group>";
		};
		07098EA7242C65EF00978280 /* Patterns */ = {
			isa = PBXGroup;
			children = (
				07098EA8242C660400978280 /* Composit.swift */,
			);
			path = Patterns;
			sourceTree = "<group>";
		};
/* End PBXGroup section */

/* Begin PBXNativeTarget section */
		07098E8F242C648E00978280 /* worksample */ = {
			isa = PBXNativeTarget;
			buildConfigurationList = 07098EA4242C649000978280 /* Build configuration list for PBXNativeTarget "worksample" */;
			buildPhases = (
				07098E8C242C648E00978280 /* Sources */,
				07098E8D242C648E00978280 /* Frameworks */,
				07098E8E242C648E00978280 /* Resources */,
			);
			buildRules = (
			);
			dependencies = (
			);
			name = worksample;
			productName = worksample;
			productReference = 07098E90242C648E00978280 /* worksample.app */;
			productType = "com.apple.product-type.application";
		};
/* End PBXNativeTarget section */

/* Begin PBXProject section */
		07098E88242C648E00978280 /* Project object */ = {
			isa = PBXProject;
			attributes = {
				LastSwiftUpdateCheck = 1140;
				LastUpgradeCheck = 1140;
				ORGANIZATIONNAME = "Григорий Мартюшин";
				TargetAttributes = {
					07098E8F242C648E00978280 = {
						CreatedOnToolsVersion = 11.4;
					};
				};
			};
			buildConfigurationList = 07098E8B242C648E00978280 /* Build configuration list for PBXProject "worksample" */;
			compatibilityVersion = "Xcode 9.3";
			developmentRegion = en;
			hasScannedForEncodings = 0;
			knownRegions = (
				en,
				Base,
			);
			mainGroup = 07098E87242C648E00978280;
			productRefGroup = 07098E91242C648E00978280 /* Products */;
			projectDirPath = "";
			projectRoot = "";
			targets = (
				07098E8F242C648E00978280 /* worksample */,
			);
		};
/* End PBXProject section */

/* Begin PBXResourcesBuildPhase section */
		07098E8E242C648E00978280 /* Resources */ = {
			isa = PBXResourcesBuildPhase;
			buildActionMask = 2147483647;
			files = (
				07098EA0242C649000978280 /* LaunchScreen.storyboard in Resources */,
				07098E9D242C649000978280 /* Assets.xcassets in Resources */,
				07098E9B242C648E00978280 /* Main.storyboard in Resources */,
			);
			runOnlyForDeploymentPostprocessing = 0;
		};
/* End PBXResourcesBuildPhase section */

/* Begin PBXSourcesBuildPhase section */
		07098E8C242C648E00978280 /* Sources */ = {
			isa = PBXSourcesBuildPhase;
			buildActionMask = 2147483647;
			files = (
				07098E98242C648E00978280 /* MainViewController.swift in Sources */,
				07098E94242C648E00978280 /* AppDelegate.swift in Sources */,
				07098E96242C648E00978280 /* SceneDelegate.swift in Sources */,
				07098EA9242C660400978280 /* Composit.swift in Sources */,
			);
			runOnlyForDeploymentPostprocessing = 0;
		};
/* End PBXSourcesBuildPhase section */

/* Begin PBXVariantGroup section */
		07098E99242C648E00978280 /* Main.storyboard */ = {
			isa = PBXVariantGroup;
			children = (
				07098E9A242C648E00978280 /* Base */,
			);
			name = Main.storyboard;
			sourceTree = "<group>";
		};
		07098E9E242C649000978280 /* LaunchScreen.storyboard */ = {
			isa = PBXVariantGroup;
			children = (
				07098E9F242C649000978280 /* Base */,
			);
			name = LaunchScreen.storyboard;
			sourceTree = "<group>";
		};
/* End PBXVariantGroup section */

/* Begin XCBuildConfiguration section */
		07098EA2242C649000978280 /* Debug */ = {
			isa = XCBuildConfiguration;
			buildSettings = {
				ALWAYS_SEARCH_USER_PATHS = NO;
				CLANG_ANALYZER_NONNULL = YES;
				CLANG_ANALYZER_NUMBER_OBJECT_CONVERSION = YES_AGGRESSIVE;
				CLANG_CXX_LANGUAGE_STANDARD = "gnu++14";
				CLANG_CXX_LIBRARY = "libc++";
				CLANG_ENABLE_MODULES = YES;
				CLANG_ENABLE_OBJC_ARC = YES;
				CLANG_ENABLE_OBJC_WEAK = YES;
				CLANG_WARN_BLOCK_CAPTURE_AUTORELEASING = YES;
				CLANG_WARN_BOOL_CONVERSION = YES;
				CLANG_WARN_COMMA = YES;
				CLANG_WARN_CONSTANT_CONVERSION = YES;
				CLANG_WARN_DEPRECATED_OBJC_IMPLEMENTATIONS = YES;
				CLANG_WARN_DIRECT_OBJC_ISA_USAGE = YES_ERROR;
				CLANG_WARN_DOCUMENTATION_COMMENTS = YES;
				CLANG_WARN_EMPTY_BODY = YES;
				CLANG_WARN_ENUM_CONVERSION = YES;
				CLANG_WARN_INFINITE_RECURSION = YES;
				CLANG_WARN_INT_CONVERSION = YES;
				CLANG_WARN_NON_LITERAL_NULL_CONVERSION = YES;
				CLANG_WARN_OBJC_IMPLICIT_RETAIN_SELF = YES;
				CLANG_WARN_OBJC_LITERAL_CONVERSION = YES;
				CLANG_WARN_OBJC_ROOT_CLASS = YES_ERROR;
				CLANG_WARN_RANGE_LOOP_ANALYSIS = YES;
				CLANG_WARN_STRICT_PROTOTYPES = YES;
				CLANG_WARN_SUSPICIOUS_MOVE = YES;
				CLANG_WARN_UNGUARDED_AVAILABILITY = YES_AGGRESSIVE;
				CLANG_WARN_UNREACHABLE_CODE = YES;
				CLANG_WARN__DUPLICATE_METHOD_MATCH = YES;
				COPY_PHASE_STRIP = NO;
				DEBUG_INFORMATION_FORMAT = dwarf;
				ENABLE_STRICT_OBJC_MSGSEND = YES;
				ENABLE_TESTABILITY = YES;
				GCC_C_LANGUAGE_STANDARD = gnu11;
				GCC_DYNAMIC_NO_PIC = NO;
				GCC_NO_COMMON_BLOCKS = YES;
				GCC_OPTIMIZATION_LEVEL = 0;
				GCC_PREPROCESSOR_DEFINITIONS = (
					"DEBUG=1",
					"$(inherited)",
				);
				GCC_WARN_64_TO_32_BIT_CONVERSION = YES;
				GCC_WARN_ABOUT_RETURN_TYPE = YES_ERROR;
				GCC_WARN_UNDECLARED_SELECTOR = YES;
				GCC_WARN_UNINITIALIZED_AUTOS = YES_AGGRESSIVE;
				GCC_WARN_UNUSED_FUNCTION = YES;
				GCC_WARN_UNUSED_VARIABLE = YES;
				IPHONEOS_DEPLOYMENT_TARGET = 13.4;
				MTL_ENABLE_DEBUG_INFO = INCLUDE_SOURCE;
				MTL_FAST_MATH = YES;
				ONLY_ACTIVE_ARCH = YES;
				SDKROOT = iphoneos;
				SWIFT_ACTIVE_COMPILATION_CONDITIONS = DEBUG;
				SWIFT_OPTIMIZATION_LEVEL = "-Onone";
			};
			name = Debug;
		};
		07098EA3242C649000978280 /* Release */ = {
			isa = XCBuildConfiguration;
			buildSettings = {
				ALWAYS_SEARCH_USER_PATHS = NO;
				CLANG_ANALYZER_NONNULL = YES;
				CLANG_ANALYZER_NUMBER_OBJECT_CONVERSION = YES_AGGRESSIVE;
				CLANG_CXX_LANGUAGE_STANDARD = "gnu++14";
				CLANG_CXX_LIBRARY = "libc++";
				CLANG_ENABLE_MODULES = YES;
				CLANG_ENABLE_OBJC_ARC = YES;
				CLANG_ENABLE_OBJC_WEAK = YES;
				CLANG_WARN_BLOCK_CAPTURE_AUTORELEASING = YES;
				CLANG_WARN_BOOL_CONVERSION = YES;
				CLANG_WARN_COMMA = YES;
				CLANG_WARN_CONSTANT_CONVERSION = YES;
				CLANG_WARN_DEPRECATED_OBJC_IMPLEMENTATIONS = YES;
				CLANG_WARN_DIRECT_OBJC_ISA_USAGE = YES_ERROR;
				CLANG_WARN_DOCUMENTATION_COMMENTS = YES;
				CLANG_WARN_EMPTY_BODY = YES;
				CLANG_WARN_ENUM_CONVERSION = YES;
				CLANG_WARN_INFINITE_RECURSION = YES;
				CLANG_WARN_INT_CONVERSION = YES;
				CLANG_WARN_NON_LITERAL_NULL_CONVERSION = YES;
				CLANG_WARN_OBJC_IMPLICIT_RETAIN_SELF = YES;
				CLANG_WARN_OBJC_LITERAL_CONVERSION = YES;
				CLANG_WARN_OBJC_ROOT_CLASS = YES_ERROR;
				CLANG_WARN_RANGE_LOOP_ANALYSIS = YES;
				CLANG_WARN_STRICT_PROTOTYPES = YES;
				CLANG_WARN_SUSPICIOUS_MOVE = YES;
				CLANG_WARN_UNGUARDED_AVAILABILITY = YES_AGGRESSIVE;
				CLANG_WARN_UNREACHABLE_CODE = YES;
				CLANG_WARN__DUPLICATE_METHOD_MATCH = YES;
				COPY_PHASE_STRIP = NO;
				DEBUG_INFORMATION_FORMAT = "dwarf-with-dsym";
				ENABLE_NS_ASSERTIONS = NO;
				ENABLE_STRICT_OBJC_MSGSEND = YES;
				GCC_C_LANGUAGE_STANDARD = gnu11;
				GCC_NO_COMMON_BLOCKS = YES;
				GCC_WARN_64_TO_32_BIT_CONVERSION = YES;
				GCC_WARN_ABOUT_RETURN_TYPE = YES_ERROR;
				GCC_WARN_UNDECLARED_SELECTOR = YES;
				GCC_WARN_UNINITIALIZED_AUTOS = YES_AGGRESSIVE;
				GCC_WARN_UNUSED_FUNCTION = YES;
				GCC_WARN_UNUSED_VARIABLE = YES;
				IPHONEOS_DEPLOYMENT_TARGET = 13.4;
				MTL_ENABLE_DEBUG_INFO = NO;
				MTL_FAST_MATH = YES;
				SDKROOT = iphoneos;
				SWIFT_COMPILATION_MODE = wholemodule;
				SWIFT_OPTIMIZATION_LEVEL = "-O";
				VALIDATE_PRODUCT = YES;
			};
			name = Release;
		};
		07098EA5242C649000978280 /* Debug */ = {
			isa = XCBuildConfiguration;
			buildSettings = {
				ASSETCATALOG_COMPILER_APPICON_NAME = AppIcon;
				CODE_SIGN_STYLE = Automatic;
				DEVELOPMENT_TEAM = 4GGD352K79;
				INFOPLIST_FILE = worksample/Info.plist;
				LD_RUNPATH_SEARCH_PATHS = (
					"$(inherited)",
					"@executable_path/Frameworks",
				);
				PRODUCT_BUNDLE_IDENTIFIER = com.mclaud.worksample;
				PRODUCT_NAME = "$(TARGET_NAME)";
				SWIFT_VERSION = 5.0;
				TARGETED_DEVICE_FAMILY = "1,2";
			};
			name = Debug;
		};
		07098EA6242C649000978280 /* Release */ = {
			isa = XCBuildConfiguration;
			buildSettings = {
				ASSETCATALOG_COMPILER_APPICON_NAME = AppIcon;
				CODE_SIGN_STYLE = Automatic;
				DEVELOPMENT_TEAM = 4GGD352K79;
				INFOPLIST_FILE = worksample/Info.plist;
				LD_RUNPATH_SEARCH_PATHS = (
					"$(inherited)",
					"@executable_path/Frameworks",
				);
				PRODUCT_BUNDLE_IDENTIFIER = com.mclaud.worksample;
				PRODUCT_NAME = "$(TARGET_NAME)";
				SWIFT_VERSION = 5.0;
				TARGETED_DEVICE_FAMILY = "1,2";
			};
			name = Release;
		};
/* End XCBuildConfiguration section */

/* Begin XCConfigurationList section */
		07098E8B242C648E00978280 /* Build configuration list for PBXProject "worksample" */ = {
			isa = XCConfigurationList;
			buildConfigurations = (
				07098EA2242C649000978280 /* Debug */,
				07098EA3242C649000978280 /* Release */,
			);
			defaultConfigurationIsVisible = 0;
			defaultConfigurationName = Release;
		};
		07098EA4242C649000978280 /* Build configuration list for PBXNativeTarget "worksample" */ = {
			isa = XCConfigurationList;
			buildConfigurations = (
				07098EA5242C649000978280 /* Debug */,
				07098EA6242C649000978280 /* Release */,
			);
			defaultConfigurationIsVisible = 0;
			defaultConfigurationName = Release;
		};
/* End XCConfigurationList section */
	};
	rootObject = 07098E88242C648E00978280 /* Project object */;
}
